// !$*UTF8*$!
{
	archiveVersion = 1;
	classes = {
	};
	objectVersion = 56;
	objects = {

/* Begin PBXBuildFile section */
		5C548F12B9C6F45333935846 /* Pods_DreamMegazin.framework in Frameworks */ = {isa = PBXBuildFile; fileRef = 3B42BCE03E5B2D6B58AA4040 /* Pods_DreamMegazin.framework */; };
		EA655CFD2BFED85000AA7B74 /* MainView.swift in Sources */ = {isa = PBXBuildFile; fileRef = EA655CFC2BFED85000AA7B74 /* MainView.swift */; };
		EA655D002BFED8D200AA7B74 /* SettingView.swift in Sources */ = {isa = PBXBuildFile; fileRef = EA655CFF2BFED8D200AA7B74 /* SettingView.swift */; };
		EA655D042BFEEDE400AA7B74 /* dream.txt in Resources */ = {isa = PBXBuildFile; fileRef = EA655D032BFEEDE400AA7B74 /* dream.txt */; };
		EAF0D23F2C0E992D00B3D011 /* SignUpView.swift in Sources */ = {isa = PBXBuildFile; fileRef = EAF0D23E2C0E992D00B3D011 /* SignUpView.swift */; };
		EAF0D2412C0EC05500B3D011 /* GoogleService-Info.plist in Resources */ = {isa = PBXBuildFile; fileRef = EAF0D2402C0EC05500B3D011 /* GoogleService-Info.plist */; };
		EAF0D2432C0EC61800B3D011 /* MyPageView.swift in Sources */ = {isa = PBXBuildFile; fileRef = EAF0D2422C0EC61800B3D011 /* MyPageView.swift */; };
		EAF0D2452C0ED35400B3D011 /* NewsView.swift in Sources */ = {isa = PBXBuildFile; fileRef = EAF0D2442C0ED35400B3D011 /* NewsView.swift */; };
		EAF0D2472C0ED36200B3D011 /* HistoryView.swift in Sources */ = {isa = PBXBuildFile; fileRef = EAF0D2462C0ED36200B3D011 /* HistoryView.swift */; };
		EAF0D2492C0ED4D200B3D011 /* HistoryDetailView.swift in Sources */ = {isa = PBXBuildFile; fileRef = EAF0D2482C0ED4D200B3D011 /* HistoryDetailView.swift */; };
		EAFA3BEA2BFE15B900FAC58C /* DreamMegazinApp.swift in Sources */ = {isa = PBXBuildFile; fileRef = EAFA3BE92BFE15B900FAC58C /* DreamMegazinApp.swift */; };
		EAFA3BEC2BFE15B900FAC58C /* LoginView.swift in Sources */ = {isa = PBXBuildFile; fileRef = EAFA3BEB2BFE15B900FAC58C /* LoginView.swift */; };
		EAFA3BEE2BFE15BC00FAC58C /* Assets.xcassets in Resources */ = {isa = PBXBuildFile; fileRef = EAFA3BED2BFE15BC00FAC58C /* Assets.xcassets */; };
		EAFA3BF12BFE15BC00FAC58C /* Preview Assets.xcassets in Resources */ = {isa = PBXBuildFile; fileRef = EAFA3BF02BFE15BC00FAC58C /* Preview Assets.xcassets */; };
/* End PBXBuildFile section */

/* Begin PBXFileReference section */
		3B42BCE03E5B2D6B58AA4040 /* Pods_DreamMegazin.framework */ = {isa = PBXFileReference; explicitFileType = wrapper.framework; includeInIndex = 0; path = Pods_DreamMegazin.framework; sourceTree = BUILT_PRODUCTS_DIR; };
		56EC132196228824580B8374 /* Pods-DreamMegazin.debug.xcconfig */ = {isa = PBXFileReference; includeInIndex = 1; lastKnownFileType = text.xcconfig; name = "Pods-DreamMegazin.debug.xcconfig"; path = "Target Support Files/Pods-DreamMegazin/Pods-DreamMegazin.debug.xcconfig"; sourceTree = "<group>"; };
		7B507582BE96A4FFD3EB5045 /* Pods-DreamMegazin.release.xcconfig */ = {isa = PBXFileReference; includeInIndex = 1; lastKnownFileType = text.xcconfig; name = "Pods-DreamMegazin.release.xcconfig"; path = "Target Support Files/Pods-DreamMegazin/Pods-DreamMegazin.release.xcconfig"; sourceTree = "<group>"; };
		EA655CFC2BFED85000AA7B74 /* MainView.swift */ = {isa = PBXFileReference; lastKnownFileType = sourcecode.swift; path = MainView.swift; sourceTree = "<group>"; };
		EA655CFF2BFED8D200AA7B74 /* SettingView.swift */ = {isa = PBXFileReference; lastKnownFileType = sourcecode.swift; path = SettingView.swift; sourceTree = "<group>"; };
		EA655D032BFEEDE400AA7B74 /* dream.txt */ = {isa = PBXFileReference; fileEncoding = 4; lastKnownFileType = text; path = dream.txt; sourceTree = "<group>"; };
		EAF0D23E2C0E992D00B3D011 /* SignUpView.swift */ = {isa = PBXFileReference; fileEncoding = 4; lastKnownFileType = sourcecode.swift; path = SignUpView.swift; sourceTree = "<group>"; };
		EAF0D2402C0EC05500B3D011 /* GoogleService-Info.plist */ = {isa = PBXFileReference; fileEncoding = 4; lastKnownFileType = text.plist.xml; path = "GoogleService-Info.plist"; sourceTree = "<group>"; };
		EAF0D2422C0EC61800B3D011 /* MyPageView.swift */ = {isa = PBXFileReference; lastKnownFileType = sourcecode.swift; path = MyPageView.swift; sourceTree = "<group>"; };
		EAF0D2442C0ED35400B3D011 /* NewsView.swift */ = {isa = PBXFileReference; lastKnownFileType = sourcecode.swift; path = NewsView.swift; sourceTree = "<group>"; };
		EAF0D2462C0ED36200B3D011 /* HistoryView.swift */ = {isa = PBXFileReference; lastKnownFileType = sourcecode.swift; path = HistoryView.swift; sourceTree = "<group>"; };
		EAF0D2482C0ED4D200B3D011 /* HistoryDetailView.swift */ = {isa = PBXFileReference; lastKnownFileType = sourcecode.swift; path = HistoryDetailView.swift; sourceTree = "<group>"; };
		EAFA3BE62BFE15B900FAC58C /* DreamMegazin.app */ = {isa = PBXFileReference; explicitFileType = wrapper.application; includeInIndex = 0; path = DreamMegazin.app; sourceTree = BUILT_PRODUCTS_DIR; };
		EAFA3BE92BFE15B900FAC58C /* DreamMegazinApp.swift */ = {isa = PBXFileReference; lastKnownFileType = sourcecode.swift; path = DreamMegazinApp.swift; sourceTree = "<group>"; };
		EAFA3BEB2BFE15B900FAC58C /* LoginView.swift */ = {isa = PBXFileReference; lastKnownFileType = sourcecode.swift; path = LoginView.swift; sourceTree = "<group>"; };
		EAFA3BED2BFE15BC00FAC58C /* Assets.xcassets */ = {isa = PBXFileReference; lastKnownFileType = folder.assetcatalog; path = Assets.xcassets; sourceTree = "<group>"; };
		EAFA3BF02BFE15BC00FAC58C /* Preview Assets.xcassets */ = {isa = PBXFileReference; lastKnownFileType = folder.assetcatalog; path = "Preview Assets.xcassets"; sourceTree = "<group>"; };
		EAFA3BF72BFE18EF00FAC58C /* Info.plist */ = {isa = PBXFileReference; lastKnownFileType = text.plist; path = Info.plist; sourceTree = "<group>"; };
/* End PBXFileReference section */

/* Begin PBXFrameworksBuildPhase section */
		EAFA3BE32BFE15B900FAC58C /* Frameworks */ = {
			isa = PBXFrameworksBuildPhase;
			buildActionMask = 2147483647;
			files = (
				5C548F12B9C6F45333935846 /* Pods_DreamMegazin.framework in Frameworks */,
			);
			runOnlyForDeploymentPostprocessing = 0;
		};
/* End PBXFrameworksBuildPhase section */

/* Begin PBXGroup section */
		8C9576A4FD6A72B141C0159E /* Frameworks */ = {
			isa = PBXGroup;
			children = (
				3B42BCE03E5B2D6B58AA4040 /* Pods_DreamMegazin.framework */,
			);
			name = Frameworks;
			sourceTree = "<group>";
		};
		CC010D20AA84E9A918035AEF /* Pods */ = {
			isa = PBXGroup;
			children = (
				56EC132196228824580B8374 /* Pods-DreamMegazin.debug.xcconfig */,
				7B507582BE96A4FFD3EB5045 /* Pods-DreamMegazin.release.xcconfig */,
			);
			path = Pods;
			sourceTree = "<group>";
		};
		EA655CFE2BFED88900AA7B74 /* UI */ = {
			isa = PBXGroup;
			children = (
				EAFA3BEB2BFE15B900FAC58C /* LoginView.swift */,
				EA655CFC2BFED85000AA7B74 /* MainView.swift */,
				EA655CFF2BFED8D200AA7B74 /* SettingView.swift */,
				EAF0D23E2C0E992D00B3D011 /* SignUpView.swift */,
				EAF0D2422C0EC61800B3D011 /* MyPageView.swift */,
				EAF0D2442C0ED35400B3D011 /* NewsView.swift */,
				EAF0D2462C0ED36200B3D011 /* HistoryView.swift */,
				EAF0D2482C0ED4D200B3D011 /* HistoryDetailView.swift */,
			);
			path = UI;
			sourceTree = "<group>";
		};
		EAFA3BDD2BFE15B900FAC58C = {
			isa = PBXGroup;
			children = (
				EAFA3BE82BFE15B900FAC58C /* DreamMegazin */,
				EAFA3BE72BFE15B900FAC58C /* Products */,
				CC010D20AA84E9A918035AEF /* Pods */,
				8C9576A4FD6A72B141C0159E /* Frameworks */,
			);
			sourceTree = "<group>";
		};
		EAFA3BE72BFE15B900FAC58C /* Products */ = {
			isa = PBXGroup;
			children = (
				EAFA3BE62BFE15B900FAC58C /* DreamMegazin.app */,
			);
			name = Products;
			sourceTree = "<group>";
		};
		EAFA3BE82BFE15B900FAC58C /* DreamMegazin */ = {
			isa = PBXGroup;
			children = (
				EA655CFE2BFED88900AA7B74 /* UI */,
				EAFA3BF72BFE18EF00FAC58C /* Info.plist */,
				EAF0D2402C0EC05500B3D011 /* GoogleService-Info.plist */,
				EAFA3BE92BFE15B900FAC58C /* DreamMegazinApp.swift */,
				EAFA3BED2BFE15BC00FAC58C /* Assets.xcassets */,
				EA655D032BFEEDE400AA7B74 /* dream.txt */,
				EAFA3BEF2BFE15BC00FAC58C /* Preview Content */,
			);
			path = DreamMegazin;
			sourceTree = "<group>";
		};
		EAFA3BEF2BFE15BC00FAC58C /* Preview Content */ = {
			isa = PBXGroup;
			children = (
				EAFA3BF02BFE15BC00FAC58C /* Preview Assets.xcassets */,
			);
			path = "Preview Content";
			sourceTree = "<group>";
		};
/* End PBXGroup section */

/* Begin PBXNativeTarget section */
		EAFA3BE52BFE15B900FAC58C /* DreamMegazin */ = {
			isa = PBXNativeTarget;
			buildConfigurationList = EAFA3BF42BFE15BC00FAC58C /* Build configuration list for PBXNativeTarget "DreamMegazin" */;
			buildPhases = (
				517901132A965E67843ED603 /* [CP] Check Pods Manifest.lock */,
				EAFA3BE22BFE15B900FAC58C /* Sources */,
				EAFA3BE32BFE15B900FAC58C /* Frameworks */,
				EAFA3BE42BFE15B900FAC58C /* Resources */,
				28E39027AF0D08FE9573D148 /* [CP] Embed Pods Frameworks */,
			);
			buildRules = (
			);
			dependencies = (
			);
			name = DreamMegazin;
			productName = DreamMegazin;
			productReference = EAFA3BE62BFE15B900FAC58C /* DreamMegazin.app */;
			productType = "com.apple.product-type.application";
		};
/* End PBXNativeTarget section */

/* Begin PBXProject section */
		EAFA3BDE2BFE15B900FAC58C /* Project object */ = {
			isa = PBXProject;
			attributes = {
				BuildIndependentTargetsInParallel = 1;
				LastSwiftUpdateCheck = 1520;
				LastUpgradeCheck = 1520;
				TargetAttributes = {
					EAFA3BE52BFE15B900FAC58C = {
						CreatedOnToolsVersion = 15.2;
					};
				};
			};
			buildConfigurationList = EAFA3BE12BFE15B900FAC58C /* Build configuration list for PBXProject "DreamMegazin" */;
			compatibilityVersion = "Xcode 14.0";
			developmentRegion = en;
			hasScannedForEncodings = 0;
			knownRegions = (
				en,
				Base,
			);
			mainGroup = EAFA3BDD2BFE15B900FAC58C;
			productRefGroup = EAFA3BE72BFE15B900FAC58C /* Products */;
			projectDirPath = "";
			projectRoot = "";
			targets = (
				EAFA3BE52BFE15B900FAC58C /* DreamMegazin */,
			);
		};
/* End PBXProject section */

/* Begin PBXResourcesBuildPhase section */
		EAFA3BE42BFE15B900FAC58C /* Resources */ = {
			isa = PBXResourcesBuildPhase;
			buildActionMask = 2147483647;
			files = (
				EA655D042BFEEDE400AA7B74 /* dream.txt in Resources */,
				EAF0D2412C0EC05500B3D011 /* GoogleService-Info.plist in Resources */,
				EAFA3BF12BFE15BC00FAC58C /* Preview Assets.xcassets in Resources */,
				EAFA3BEE2BFE15BC00FAC58C /* Assets.xcassets in Resources */,
			);
			runOnlyForDeploymentPostprocessing = 0;
		};
/* End PBXResourcesBuildPhase section */

/* Begin PBXShellScriptBuildPhase section */
		28E39027AF0D08FE9573D148 /* [CP] Embed Pods Frameworks */ = {
			isa = PBXShellScriptBuildPhase;
			buildActionMask = 2147483647;
			files = (
			);
			inputFileListPaths = (
				"${PODS_ROOT}/Target Support Files/Pods-DreamMegazin/Pods-DreamMegazin-frameworks-${CONFIGURATION}-input-files.xcfilelist",
			);
			name = "[CP] Embed Pods Frameworks";
			outputFileListPaths = (
				"${PODS_ROOT}/Target Support Files/Pods-DreamMegazin/Pods-DreamMegazin-frameworks-${CONFIGURATION}-output-files.xcfilelist",
			);
			runOnlyForDeploymentPostprocessing = 0;
			shellPath = /bin/sh;
			shellScript = "\"${PODS_ROOT}/Target Support Files/Pods-DreamMegazin/Pods-DreamMegazin-frameworks.sh\"\n";
			showEnvVarsInLog = 0;
		};
		517901132A965E67843ED603 /* [CP] Check Pods Manifest.lock */ = {
			isa = PBXShellScriptBuildPhase;
			buildActionMask = 2147483647;
			files = (
			);
			inputFileListPaths = (
			);
			inputPaths = (
				"${PODS_PODFILE_DIR_PATH}/Podfile.lock",
				"${PODS_ROOT}/Manifest.lock",
			);
			name = "[CP] Check Pods Manifest.lock";
			outputFileListPaths = (
			);
			outputPaths = (
				"$(DERIVED_FILE_DIR)/Pods-DreamMegazin-checkManifestLockResult.txt",
			);
			runOnlyForDeploymentPostprocessing = 0;
			shellPath = /bin/sh;
			shellScript = "diff \"${PODS_PODFILE_DIR_PATH}/Podfile.lock\" \"${PODS_ROOT}/Manifest.lock\" > /dev/null\nif [ $? != 0 ] ; then\n    # print error to STDERR\n    echo \"error: The sandbox is not in sync with the Podfile.lock. Run 'pod install' or update your CocoaPods installation.\" >&2\n    exit 1\nfi\n# This output is used by Xcode 'outputs' to avoid re-running this script phase.\necho \"SUCCESS\" > \"${SCRIPT_OUTPUT_FILE_0}\"\n";
			showEnvVarsInLog = 0;
		};
/* End PBXShellScriptBuildPhase section */

/* Begin PBXSourcesBuildPhase section */
		EAFA3BE22BFE15B900FAC58C /* Sources */ = {
			isa = PBXSourcesBuildPhase;
			buildActionMask = 2147483647;
			files = (
				EA655CFD2BFED85000AA7B74 /* MainView.swift in Sources */,
				EAF0D2472C0ED36200B3D011 /* HistoryView.swift in Sources */,
				EAF0D23F2C0E992D00B3D011 /* SignUpView.swift in Sources */,
				EA655D002BFED8D200AA7B74 /* SettingView.swift in Sources */,
				EAF0D2492C0ED4D200B3D011 /* HistoryDetailView.swift in Sources */,
				EAF0D2452C0ED35400B3D011 /* NewsView.swift in Sources */,
				EAFA3BEC2BFE15B900FAC58C /* LoginView.swift in Sources */,
				EAFA3BEA2BFE15B900FAC58C /* DreamMegazinApp.swift in Sources */,
				EAF0D2432C0EC61800B3D011 /* MyPageView.swift in Sources */,
			);
			runOnlyForDeploymentPostprocessing = 0;
		};
/* End PBXSourcesBuildPhase section */

/* Begin XCBuildConfiguration section */
		EAFA3BF22BFE15BC00FAC58C /* Debug */ = {
			isa = XCBuildConfiguration;
			buildSettings = {
				ALWAYS_SEARCH_USER_PATHS = NO;
				ASSETCATALOG_COMPILER_GENERATE_SWIFT_ASSET_SYMBOL_EXTENSIONS = YES;
				CLANG_ANALYZER_NONNULL = YES;
				CLANG_ANALYZER_NUMBER_OBJECT_CONVERSION = YES_AGGRESSIVE;
				CLANG_CXX_LANGUAGE_STANDARD = "gnu++20";
				CLANG_ENABLE_MODULES = YES;
				CLANG_ENABLE_OBJC_ARC = YES;
				CLANG_ENABLE_OBJC_WEAK = YES;
				CLANG_WARN_BLOCK_CAPTURE_AUTORELEASING = YES;
				CLANG_WARN_BOOL_CONVERSION = YES;
				CLANG_WARN_COMMA = YES;
				CLANG_WARN_CONSTANT_CONVERSION = YES;
				CLANG_WARN_DEPRECATED_OBJC_IMPLEMENTATIONS = YES;
				CLANG_WARN_DIRECT_OBJC_ISA_USAGE = YES_ERROR;
				CLANG_WARN_DOCUMENTATION_COMMENTS = YES;
				CLANG_WARN_EMPTY_BODY = YES;
				CLANG_WARN_ENUM_CONVERSION = YES;
				CLANG_WARN_INFINITE_RECURSION = YES;
				CLANG_WARN_INT_CONVERSION = YES;
				CLANG_WARN_NON_LITERAL_NULL_CONVERSION = YES;
				CLANG_WARN_OBJC_IMPLICIT_RETAIN_SELF = YES;
				CLANG_WARN_OBJC_LITERAL_CONVERSION = YES;
				CLANG_WARN_OBJC_ROOT_CLASS = YES_ERROR;
				CLANG_WARN_QUOTED_INCLUDE_IN_FRAMEWORK_HEADER = YES;
				CLANG_WARN_RANGE_LOOP_ANALYSIS = YES;
				CLANG_WARN_STRICT_PROTOTYPES = YES;
				CLANG_WARN_SUSPICIOUS_MOVE = YES;
				CLANG_WARN_UNGUARDED_AVAILABILITY = YES_AGGRESSIVE;
				CLANG_WARN_UNREACHABLE_CODE = YES;
				CLANG_WARN__DUPLICATE_METHOD_MATCH = YES;
				COPY_PHASE_STRIP = NO;
				DEBUG_INFORMATION_FORMAT = dwarf;
				ENABLE_STRICT_OBJC_MSGSEND = YES;
				ENABLE_TESTABILITY = YES;
				ENABLE_USER_SCRIPT_SANDBOXING = YES;
				GCC_C_LANGUAGE_STANDARD = gnu17;
				GCC_DYNAMIC_NO_PIC = NO;
				GCC_NO_COMMON_BLOCKS = YES;
				GCC_OPTIMIZATION_LEVEL = 0;
				GCC_PREPROCESSOR_DEFINITIONS = (
					"DEBUG=1",
					"$(inherited)",
				);
				GCC_WARN_64_TO_32_BIT_CONVERSION = YES;
				GCC_WARN_ABOUT_RETURN_TYPE = YES_ERROR;
				GCC_WARN_UNDECLARED_SELECTOR = YES;
				GCC_WARN_UNINITIALIZED_AUTOS = YES_AGGRESSIVE;
				GCC_WARN_UNUSED_FUNCTION = YES;
				GCC_WARN_UNUSED_VARIABLE = YES;
				IPHONEOS_DEPLOYMENT_TARGET = 17.2;
				LOCALIZATION_PREFERS_STRING_CATALOGS = YES;
				MTL_ENABLE_DEBUG_INFO = INCLUDE_SOURCE;
				MTL_FAST_MATH = YES;
				ONLY_ACTIVE_ARCH = YES;
				SDKROOT = iphoneos;
				SWIFT_ACTIVE_COMPILATION_CONDITIONS = "DEBUG $(inherited)";
				SWIFT_OPTIMIZATION_LEVEL = "-Onone";
			};
			name = Debug;
		};
		EAFA3BF32BFE15BC00FAC58C /* Release */ = {
			isa = XCBuildConfiguration;
			buildSettings = {
				ALWAYS_SEARCH_USER_PATHS = NO;
				ASSETCATALOG_COMPILER_GENERATE_SWIFT_ASSET_SYMBOL_EXTENSIONS = YES;
				CLANG_ANALYZER_NONNULL = YES;
				CLANG_ANALYZER_NUMBER_OBJECT_CONVERSION = YES_AGGRESSIVE;
				CLANG_CXX_LANGUAGE_STANDARD = "gnu++20";
				CLANG_ENABLE_MODULES = YES;
				CLANG_ENABLE_OBJC_ARC = YES;
				CLANG_ENABLE_OBJC_WEAK = YES;
				CLANG_WARN_BLOCK_CAPTURE_AUTORELEASING = YES;
				CLANG_WARN_BOOL_CONVERSION = YES;
				CLANG_WARN_COMMA = YES;
				CLANG_WARN_CONSTANT_CONVERSION = YES;
				CLANG_WARN_DEPRECATED_OBJC_IMPLEMENTATIONS = YES;
				CLANG_WARN_DIRECT_OBJC_ISA_USAGE = YES_ERROR;
				CLANG_WARN_DOCUMENTATION_COMMENTS = YES;
				CLANG_WARN_EMPTY_BODY = YES;
				CLANG_WARN_ENUM_CONVERSION = YES;
				CLANG_WARN_INFINITE_RECURSION = YES;
				CLANG_WARN_INT_CONVERSION = YES;
				CLANG_WARN_NON_LITERAL_NULL_CONVERSION = YES;
				CLANG_WARN_OBJC_IMPLICIT_RETAIN_SELF = YES;
				CLANG_WARN_OBJC_LITERAL_CONVERSION = YES;
				CLANG_WARN_OBJC_ROOT_CLASS = YES_ERROR;
				CLANG_WARN_QUOTED_INCLUDE_IN_FRAMEWORK_HEADER = YES;
				CLANG_WARN_RANGE_LOOP_ANALYSIS = YES;
				CLANG_WARN_STRICT_PROTOTYPES = YES;
				CLANG_WARN_SUSPICIOUS_MOVE = YES;
				CLANG_WARN_UNGUARDED_AVAILABILITY = YES_AGGRESSIVE;
				CLANG_WARN_UNREACHABLE_CODE = YES;
				CLANG_WARN__DUPLICATE_METHOD_MATCH = YES;
				COPY_PHASE_STRIP = NO;
				DEBUG_INFORMATION_FORMAT = "dwarf-with-dsym";
				ENABLE_NS_ASSERTIONS = NO;
				ENABLE_STRICT_OBJC_MSGSEND = YES;
				ENABLE_USER_SCRIPT_SANDBOXING = YES;
				GCC_C_LANGUAGE_STANDARD = gnu17;
				GCC_NO_COMMON_BLOCKS = YES;
				GCC_WARN_64_TO_32_BIT_CONVERSION = YES;
				GCC_WARN_ABOUT_RETURN_TYPE = YES_ERROR;
				GCC_WARN_UNDECLARED_SELECTOR = YES;
				GCC_WARN_UNINITIALIZED_AUTOS = YES_AGGRESSIVE;
				GCC_WARN_UNUSED_FUNCTION = YES;
				GCC_WARN_UNUSED_VARIABLE = YES;
				IPHONEOS_DEPLOYMENT_TARGET = 17.2;
				LOCALIZATION_PREFERS_STRING_CATALOGS = YES;
				MTL_ENABLE_DEBUG_INFO = NO;
				MTL_FAST_MATH = YES;
				SDKROOT = iphoneos;
				SWIFT_COMPILATION_MODE = wholemodule;
				VALIDATE_PRODUCT = YES;
			};
			name = Release;
		};
		EAFA3BF52BFE15BC00FAC58C /* Debug */ = {
			isa = XCBuildConfiguration;
			baseConfigurationReference = 56EC132196228824580B8374 /* Pods-DreamMegazin.debug.xcconfig */;
			buildSettings = {
				ASSETCATALOG_COMPILER_APPICON_NAME = Planner;
				ASSETCATALOG_COMPILER_GLOBAL_ACCENT_COLOR_NAME = AccentColor;
				ASSETCATALOG_COMPILER_INCLUDE_ALL_APPICON_ASSETS = YES;
				CODE_SIGN_STYLE = Automatic;
				CURRENT_PROJECT_VERSION = 1;
				DEVELOPMENT_ASSET_PATHS = "\"DreamMegazin/Preview Content\"";
				DEVELOPMENT_TEAM = R8D3UG9283;
				ENABLE_PREVIEWS = YES;
				ENABLE_USER_SCRIPT_SANDBOXING = NO;
				GENERATE_INFOPLIST_FILE = YES;
				INFOPLIST_FILE = DreamMegazin/Info.plist;
				INFOPLIST_KEY_CFBundleDisplayName = "오늘의 꿈";
				INFOPLIST_KEY_UIApplicationSceneManifest_Generation = YES;
				INFOPLIST_KEY_UIApplicationSupportsIndirectInputEvents = YES;
				INFOPLIST_KEY_UILaunchScreen_Generation = YES;
				INFOPLIST_KEY_UISupportedInterfaceOrientations_iPad = "UIInterfaceOrientationPortrait UIInterfaceOrientationPortraitUpsideDown UIInterfaceOrientationLandscapeLeft UIInterfaceOrientationLandscapeRight";
				INFOPLIST_KEY_UISupportedInterfaceOrientations_iPhone = "UIInterfaceOrientationPortrait UIInterfaceOrientationLandscapeLeft UIInterfaceOrientationLandscapeRight";
				LD_RUNPATH_SEARCH_PATHS = (
					"$(inherited)",
					"@executable_path/Frameworks",
				);
				MARKETING_VERSION = 1.0;
				PRODUCT_BUNDLE_IDENTIFIER = zone.cloudmartin.DreamMegazin1;
				PRODUCT_NAME = "$(TARGET_NAME)";
				SWIFT_EMIT_LOC_STRINGS = YES;
				SWIFT_VERSION = 5.0;
				TARGETED_DEVICE_FAMILY = "1,2";
			};
			name = Debug;
		};
		EAFA3BF62BFE15BC00FAC58C /* Release */ = {
			isa = XCBuildConfiguration;
			baseConfigurationReference = 7B507582BE96A4FFD3EB5045 /* Pods-DreamMegazin.release.xcconfig */;
			buildSettings = {
				ASSETCATALOG_COMPILER_APPICON_NAME = Planner;
				ASSETCATALOG_COMPILER_GLOBAL_ACCENT_COLOR_NAME = AccentColor;
				ASSETCATALOG_COMPILER_INCLUDE_ALL_APPICON_ASSETS = YES;
				CODE_SIGN_STYLE = Automatic;
				CURRENT_PROJECT_VERSION = 1;
				DEVELOPMENT_ASSET_PATHS = "\"DreamMegazin/Preview Content\"";
				DEVELOPMENT_TEAM = R8D3UG9283;
				ENABLE_PREVIEWS = YES;
				ENABLE_USER_SCRIPT_SANDBOXING = NO;
				GENERATE_INFOPLIST_FILE = YES;
				INFOPLIST_FILE = DreamMegazin/Info.plist;
				INFOPLIST_KEY_CFBundleDisplayName = "오늘의 꿈";
				INFOPLIST_KEY_UIApplicationSceneManifest_Generation = YES;
				INFOPLIST_KEY_UIApplicationSupportsIndirectInputEvents = YES;
				INFOPLIST_KEY_UILaunchScreen_Generation = YES;
				INFOPLIST_KEY_UISupportedInterfaceOrientations_iPad = "UIInterfaceOrientationPortrait UIInterfaceOrientationPortraitUpsideDown UIInterfaceOrientationLandscapeLeft UIInterfaceOrientationLandscapeRight";
				INFOPLIST_KEY_UISupportedInterfaceOrientations_iPhone = "UIInterfaceOrientationPortrait UIInterfaceOrientationLandscapeLeft UIInterfaceOrientationLandscapeRight";
				LD_RUNPATH_SEARCH_PATHS = (
					"$(inherited)",
					"@executable_path/Frameworks",
				);
				MARKETING_VERSION = 1.0;
				PRODUCT_BUNDLE_IDENTIFIER = zone.cloudmartin.DreamMegazin1;
				PRODUCT_NAME = "$(TARGET_NAME)";
				SWIFT_EMIT_LOC_STRINGS = YES;
				SWIFT_VERSION = 5.0;
				TARGETED_DEVICE_FAMILY = "1,2";
			};
			name = Release;
		};
/* End XCBuildConfiguration section */

/* Begin XCConfigurationList section */
		EAFA3BE12BFE15B900FAC58C /* Build configuration list for PBXProject "DreamMegazin" */ = {
			isa = XCConfigurationList;
			buildConfigurations = (
				EAFA3BF22BFE15BC00FAC58C /* Debug */,
				EAFA3BF32BFE15BC00FAC58C /* Release */,
			);
			defaultConfigurationIsVisible = 0;
			defaultConfigurationName = Release;
		};
		EAFA3BF42BFE15BC00FAC58C /* Build configuration list for PBXNativeTarget "DreamMegazin" */ = {
			isa = XCConfigurationList;
			buildConfigurations = (
				EAFA3BF52BFE15BC00FAC58C /* Debug */,
				EAFA3BF62BFE15BC00FAC58C /* Release */,
			);
			defaultConfigurationIsVisible = 0;
			defaultConfigurationName = Release;
		};
/* End XCConfigurationList section */
	};
	rootObject = EAFA3BDE2BFE15B900FAC58C /* Project object */;
}
